
Microsoft Visual Studio Solution File, Format Version 12.00
# Visual Studio Version 17
VisualStudioVersion = 17.12.35728.132
MinimumVisualStudioVersion = 10.0.40219.1
Project("{FAE04EC0-301F-11D3-BF4B-00C04F79EFBC}") = "RMV.Optimization.TSP.UI", "RMV.Optimization.TSP.UI\RMV.Optimization.TSP.UI.csproj", "{7D5E2804-9A0B-415E-9FEB-3E4296965DC9}"
EndProject
Project("{FAE04EC0-301F-11D3-BF4B-00C04F79EFBC}") = "RMV.Optimization.TSP.Common", "RMV.Optimization.TSP.Common\RMV.Optimization.TSP.Common\RMV.Optimization.TSP.Common.csproj", "{2BAE22FB-8404-441B-8D31-CA3738EA26DE}"
EndProject
Project("{FAE04EC0-301F-11D3-BF4B-00C04F79EFBC}") = "RMV.Optimization.TSP.Domain", "RMV.Optimization.TSP.Domain\RMV.Optimization.TSP.Domain.csproj", "{4001003D-D37B-4FC6-A1BA-AE937C0FBAA6}"
EndProject
Project("{FAE04EC0-301F-11D3-BF4B-00C04F79EFBC}") = "RMV.Optimization.TSP.Algorithms", "RMV.Optimization.TSP.Algorithms\RMV.Optimization.TSP.Algorithms.csproj", "{789751AF-AC15-4E91-B711-EFC2C6CBE334}"
EndProject
Project("{FAE04EC0-301F-11D3-BF4B-00C04F79EFBC}") = "RMV.Optimization.TSP.Ants", "RMV.Optimization.TSP.Ants\RMV.Optimization.TSP.Ants.csproj", "{B0250EAD-8516-4DBD-AB1C-B2799B692A78}"
EndProject
Project("{FAE04EC0-301F-11D3-BF4B-00C04F79EFBC}") = "RMV.Optimization.TSP.Tests", "RMV.Optimization.TSP.Tests\RMV.Optimization.TSP.Tests.csproj", "{C2815846-6FF1-A13B-1556-DFD1BF90777E}"
EndProject
Global
	GlobalSection(SolutionConfigurationPlatforms) = preSolution
		Debug|Any CPU = Debug|Any CPU
		Release|Any CPU = Release|Any CPU
	EndGlobalSection
	GlobalSection(ProjectConfigurationPlatforms) = postSolution
		{7D5E2804-9A0B-415E-9FEB-3E4296965DC9}.Debug|Any CPU.ActiveCfg = Debug|Any CPU
		{7D5E2804-9A0B-415E-9FEB-3E4296965DC9}.Debug|Any CPU.Build.0 = Debug|Any CPU
		{7D5E2804-9A0B-415E-9FEB-3E4296965DC9}.Release|Any CPU.ActiveCfg = Release|Any CPU
		{7D5E2804-9A0B-415E-9FEB-3E4296965DC9}.Release|Any CPU.Build.0 = Release|Any CPU
		{2BAE22FB-8404-441B-8D31-CA3738EA26DE}.Debug|Any CPU.ActiveCfg = Debug|Any CPU
		{2BAE22FB-8404-441B-8D31-CA3738EA26DE}.Debug|Any CPU.Build.0 = Debug|Any CPU
		{2BAE22FB-8404-441B-8D31-CA3738EA26DE}.Release|Any CPU.ActiveCfg = Release|Any CPU
		{2BAE22FB-8404-441B-8D31-CA3738EA26DE}.Release|Any CPU.Build.0 = Release|Any CPU
		{4001003D-D37B-4FC6-A1BA-AE937C0FBAA6}.Debug|Any CPU.ActiveCfg = Debug|Any CPU
		{4001003D-D37B-4FC6-A1BA-AE937C0FBAA6}.Debug|Any CPU.Build.0 = Debug|Any CPU
		{4001003D-D37B-4FC6-A1BA-AE937C0FBAA6}.Release|Any CPU.ActiveCfg = Release|Any CPU
		{4001003D-D37B-4FC6-A1BA-AE937C0FBAA6}.Release|Any CPU.Build.0 = Release|Any CPU
		{789751AF-AC15-4E91-B711-EFC2C6CBE334}.Debug|Any CPU.ActiveCfg = Debug|Any CPU
		{789751AF-AC15-4E91-B711-EFC2C6CBE334}.Debug|Any CPU.Build.0 = Debug|Any CPU
		{789751AF-AC15-4E91-B711-EFC2C6CBE334}.Release|Any CPU.ActiveCfg = Release|Any CPU
		{789751AF-AC15-4E91-B711-EFC2C6CBE334}.Release|Any CPU.Build.0 = Release|Any CPU
		{B0250EAD-8516-4DBD-AB1C-B2799B692A78}.Debug|Any CPU.ActiveCfg = Debug|Any CPU
		{B0250EAD-8516-4DBD-AB1C-B2799B692A78}.Debug|Any CPU.Build.0 = Debug|Any CPU
		{B0250EAD-8516-4DBD-AB1C-B2799B692A78}.Release|Any CPU.ActiveCfg = Release|Any CPU
		{B0250EAD-8516-4DBD-AB1C-B2799B692A78}.Release|Any CPU.Build.0 = Release|Any CPU
		{C2815846-6FF1-A13B-1556-DFD1BF90777E}.Debug|Any CPU.ActiveCfg = Debug|Any CPU
		{C2815846-6FF1-A13B-1556-DFD1BF90777E}.Debug|Any CPU.Build.0 = Debug|Any CPU
		{C2815846-6FF1-A13B-1556-DFD1BF90777E}.Release|Any CPU.ActiveCfg = Release|Any CPU
		{C2815846-6FF1-A13B-1556-DFD1BF90777E}.Release|Any CPU.Build.0 = Release|Any CPU
	EndGlobalSection
	GlobalSection(SolutionProperties) = preSolution
		HideSolutionNode = FALSE
	EndGlobalSection
EndGlobal
